{
  "name": "biome-issue-1774",
  "version": "1.0.0",
  "lockfileVersion": 3,
  "requires": true,
  "packages": {
    "": {
      "name": "biome-issue-1774",
      "version": "1.0.0",
      "license": "MIT",
      "devDependencies": {
        "@biomejs/biome": "1.5.3-nightly.24fcf19"
      }
    },
    "node_modules/@biomejs/biome": {
      "version": "1.5.3-nightly.24fcf19",
      "resolved": "https://registry.npmjs.org/@biomejs/biome/-/biome-1.5.3-nightly.24fcf19.tgz",
      "integrity": "sha512-QHhabaQfex6kyxct0M9Gw2F9/EIQ0agg4t3MvcB/z8gcUQzbxQ+3TMTHLoVrZ/2yKePjVqkCps1F80+unAyoDg==",
      "dev": true,
      "hasInstallScript": true,
      "bin": {
        "biome": "bin/biome"
      },
      "engines": {
        "node": ">=14.*"
      },
      "funding": {
        "type": "opencollective",
        "url": "https://opencollective.com/biome"
      },
      "optionalDependencies": {
        "@biomejs/cli-darwin-arm64": "1.5.3-nightly.24fcf19",
        "@biomejs/cli-darwin-x64": "1.5.3-nightly.24fcf19",
        "@biomejs/cli-linux-arm64": "1.5.3-nightly.24fcf19",
        "@biomejs/cli-linux-arm64-musl": "1.5.3-nightly.24fcf19",
        "@biomejs/cli-linux-x64": "1.5.3-nightly.24fcf19",
        "@biomejs/cli-linux-x64-musl": "1.5.3-nightly.24fcf19",
        "@biomejs/cli-win32-arm64": "1.5.3-nightly.24fcf19",
        "@biomejs/cli-win32-x64": "1.5.3-nightly.24fcf19"
      }
    },
    "node_modules/@biomejs/cli-darwin-arm64": {
      "version": "1.5.3-nightly.24fcf19",
      "resolved": "https://registry.npmjs.org/@biomejs/cli-darwin-arm64/-/cli-darwin-arm64-1.5.3-nightly.24fcf19.tgz",
      "integrity": "sha512-GrbZ415ezLy5HQrkAlFvG0FEdVMY/vJsgN2amKPXC5n5uBkvSaxxK3AApXSlXp+6RtSYyItK79Y3syLPi+CboQ==",
      "cpu": [
        "arm64"
      ],
      "dev": true,
      "optional": true,
      "os": [
        "darwin"
      ],
      "engines": {
        "node": ">=14.*"
      }
    },
    "node_modules/@biomejs/cli-darwin-x64": {
      "version": "1.5.3-nightly.24fcf19",
      "resolved": "https://registry.npmjs.org/@biomejs/cli-darwin-x64/-/cli-darwin-x64-1.5.3-nightly.24fcf19.tgz",
      "integrity": "sha512-nVExDggm627g/N5jvvVJm3GjwSdeNDnTatV0utm81mFQwPjBUN/JaAdzN3vjReBDQLxlMBDxDE12clhgKb4WCw==",
      "cpu": [
        "x64"
      ],
      "dev": true,
      "optional": true,
      "os": [
        "darwin"
      ],
      "engines": {
        "node": ">=14.*"
      }
    },
    "node_modules/@biomejs/cli-linux-arm64": {
      "version": "1.5.3-nightly.24fcf19",
      "resolved": "https://registry.npmjs.org/@biomejs/cli-linux-arm64/-/cli-linux-arm64-1.5.3-nightly.24fcf19.tgz",
      "integrity": "sha512-ulIiXMCOwoMejx/8ZWgVZWecIWIpW2nmZVDejusSfwoEaaEXbx90ulSQG7lKtiR9A5rxDpk9jlpFuwWhvMXfYQ==",
      "cpu": [
        "arm64"
      ],
      "dev": true,
      "optional": true,
      "os": [
        "linux"
      ],
      "engines": {
        "node": ">=14.*"
      }
    },
    "node_modules/@biomejs/cli-linux-arm64-musl": {
      "version": "1.5.3-nightly.24fcf19",
      "resolved": "https://registry.npmjs.org/@biomejs/cli-linux-arm64-musl/-/cli-linux-arm64-musl-1.5.3-nightly.24fcf19.tgz",
      "integrity": "sha512-vtlFIeCp5eR47yvLRMTopWu52s0npecogIMPGLI/LAiI0wrfeRIX3bL1kBhkryQosIQpldt8j/x9ER+V2pksRw==",
      "cpu": [
        "arm64"
      ],
      "dev": true,
      "optional": true,
      "os": [
        "linux"
      ],
      "engines": {
        "node": ">=14.*"
      }
    },
    "node_modules/@biomejs/cli-linux-x64": {
      "version": "1.5.3-nightly.24fcf19",
      "resolved": "https://registry.npmjs.org/@biomejs/cli-linux-x64/-/cli-linux-x64-1.5.3-nightly.24fcf19.tgz",
      "integrity": "sha512-T3sfho4vtl6Xttilt+eiTgWx59IVrdzG0Sm4Hkaq1zHZMoBiybnqbo0ZZiuTrYaGGOQcyR/qPOdyxizNClA12g==",
      "cpu": [
        "x64"
      ],
      "dev": true,
      "optional": true,
      "os": [
        "linux"
      ],
      "engines": {
        "node": ">=14.*"
      }
    },
    "node_modules/@biomejs/cli-linux-x64-musl": {
      "version": "1.5.3-nightly.24fcf19",
      "resolved": "https://registry.npmjs.org/@biomejs/cli-linux-x64-musl/-/cli-linux-x64-musl-1.5.3-nightly.24fcf19.tgz",
      "integrity": "sha512-pdWUUvU3j7nz+Hx1w0GL30DKo8BnhC/UmHhLM8xZ0kNJMQ/eY6rBwYyQxnhVzUbFeIMhZlhIA0jzReUI0cof5g==",
      "cpu": [
        "x64"
      ],
      "dev": true,
      "optional": true,
      "os": [
        "linux"
      ],
      "engines": {
        "node": ">=14.*"
      }
    },
    "node_modules/@biomejs/cli-win32-arm64": {
      "version": "1.5.3-nightly.24fcf19",
      "resolved": "https://registry.npmjs.org/@biomejs/cli-win32-arm64/-/cli-win32-arm64-1.5.3-nightly.24fcf19.tgz",
      "integrity": "sha512-n2jU38xM1R3/zMxLn7F+u6vUfubqf5YsogNVNIeYgzAN6g/0HGlLFQGLXrtZ0OQ16DkWhUpzGerugKobuvbTFw==",
      "cpu": [
        "arm64"
      ],
      "dev": true,
      "optional": true,
      "os": [
        "win32"
      ],
      "engines": {
        "node": ">=14.*"
      }
    },
    "node_modules/@biomejs/cli-win32-x64": {
      "version": "1.5.3-nightly.24fcf19",
      "resolved": "https://registry.npmjs.org/@biomejs/cli-win32-x64/-/cli-win32-x64-1.5.3-nightly.24fcf19.tgz",
      "integrity": "sha512-xjzcYWyRpUEurciofrw6QelpSWa3I4Dws3qVjzvm8yn2x7r6y6uaYqwbnBgNpXVP0RLTQp+BDzuWEA/ERXMaTw==",
      "cpu": [
        "x64"
      ],
      "dev": true,
      "optional": true,
      "os": [
        "win32"
      ],
      "engines": {
        "node": ">=14.*"
      }
    }
  }
}
